
Microsoft Visual Studio Solution File, Format Version 11.00
# Visual Studio 2010
Project("{FAE04EC0-301F-11D3-BF4B-00C04F79EFBC}") = "Hyves.Desktop.Interface", "Hyves.Desktop.Interface\Hyves.Desktop.Interface.csproj", "{E5921047-D97E-402E-8BEA-CC1CD8CF0C85}"
EndProject
Project("{FAE04EC0-301F-11D3-BF4B-00C04F79EFBC}") = "Hyves.Api", "Hyves.Desktop.Api\Hyves.Api.csproj", "{3CDC049E-88CC-4096-AB96-2DE466FA378D}"
EndProject
Project("{FAE04EC0-301F-11D3-BF4B-00C04F79EFBC}") = "Hyves.Desktop.SharedItems", "Hyves.Desktop.SharedItems\Hyves.Desktop.SharedItems.csproj", "{516054C1-0D20-4B7A-AE4D-4E1157259A23}"
EndProject
Global
	GlobalSection(TeamFoundationVersionControl) = preSolution
		SccNumberOfProjects = 4
		SccEnterpriseProvider = {4CA58AB2-18FA-4F8D-95D4-32DDF27D184C}
		SccTeamFoundationServer = https://tfs.codeplex.com/tfs/tfs28
		SccLocalPath0 = .
		SccProjectUniqueName1 = Hyves.Desktop.Api\\Hyves.Api.csproj
		SccProjectName1 = Hyves.Desktop.Api
		SccLocalPath1 = Hyves.Desktop.Api
		SccProjectUniqueName2 = Hyves.Desktop.Interface\\Hyves.Desktop.Interface.csproj
		SccProjectName2 = Hyves.Desktop.Interface
		SccLocalPath2 = Hyves.Desktop.Interface
		SccProjectUniqueName3 = Hyves.Desktop.SharedItems\\Hyves.Desktop.SharedItems.csproj
		SccProjectName3 = Hyves.Desktop.SharedItems
		SccLocalPath3 = Hyves.Desktop.SharedItems
	EndGlobalSection
	GlobalSection(SolutionConfigurationPlatforms) = preSolution
		Debug|Any CPU = Debug|Any CPU
		Debug|Mixed Platforms = Debug|Mixed Platforms
		Debug|x86 = Debug|x86
		Release|Any CPU = Release|Any CPU
		Release|Mixed Platforms = Release|Mixed Platforms
		Release|x86 = Release|x86
	EndGlobalSection
	GlobalSection(ProjectConfigurationPlatforms) = postSolution
		{E5921047-D97E-402E-8BEA-CC1CD8CF0C85}.Debug|Any CPU.ActiveCfg = Debug|x86
		{E5921047-D97E-402E-8BEA-CC1CD8CF0C85}.Debug|Mixed Platforms.ActiveCfg = Debug|x86
		{E5921047-D97E-402E-8BEA-CC1CD8CF0C85}.Debug|Mixed Platforms.Build.0 = Debug|x86
		{E5921047-D97E-402E-8BEA-CC1CD8CF0C85}.Debug|x86.ActiveCfg = Debug|x86
		{E5921047-D97E-402E-8BEA-CC1CD8CF0C85}.Debug|x86.Build.0 = Debug|x86
		{E5921047-D97E-402E-8BEA-CC1CD8CF0C85}.Release|Any CPU.ActiveCfg = Release|x86
		{E5921047-D97E-402E-8BEA-CC1CD8CF0C85}.Release|Mixed Platforms.ActiveCfg = Release|x86
		{E5921047-D97E-402E-8BEA-CC1CD8CF0C85}.Release|Mixed Platforms.Build.0 = Release|x86
		{E5921047-D97E-402E-8BEA-CC1CD8CF0C85}.Release|x86.ActiveCfg = Release|x86
		{E5921047-D97E-402E-8BEA-CC1CD8CF0C85}.Release|x86.Build.0 = Release|x86
		{3CDC049E-88CC-4096-AB96-2DE466FA378D}.Debug|Any CPU.ActiveCfg = Debug|Any CPU
		{3CDC049E-88CC-4096-AB96-2DE466FA378D}.Debug|Any CPU.Build.0 = Debug|Any CPU
		{3CDC049E-88CC-4096-AB96-2DE466FA378D}.Debug|Mixed Platforms.ActiveCfg = Debug|Any CPU
		{3CDC049E-88CC-4096-AB96-2DE466FA378D}.Debug|Mixed Platforms.Build.0 = Debug|Any CPU
		{3CDC049E-88CC-4096-AB96-2DE466FA378D}.Debug|x86.ActiveCfg = Debug|Any CPU
		{3CDC049E-88CC-4096-AB96-2DE466FA378D}.Release|Any CPU.ActiveCfg = Release|Any CPU
		{3CDC049E-88CC-4096-AB96-2DE466FA378D}.Release|Any CPU.Build.0 = Release|Any CPU
		{3CDC049E-88CC-4096-AB96-2DE466FA378D}.Release|Mixed Platforms.ActiveCfg = Release|Any CPU
		{3CDC049E-88CC-4096-AB96-2DE466FA378D}.Release|Mixed Platforms.Build.0 = Release|Any CPU
		{3CDC049E-88CC-4096-AB96-2DE466FA378D}.Release|x86.ActiveCfg = Release|Any CPU
		{516054C1-0D20-4B7A-AE4D-4E1157259A23}.Debug|Any CPU.ActiveCfg = Debug|Any CPU
		{516054C1-0D20-4B7A-AE4D-4E1157259A23}.Debug|Any CPU.Build.0 = Debug|Any CPU
		{516054C1-0D20-4B7A-AE4D-4E1157259A23}.Debug|Mixed Platforms.ActiveCfg = Debug|Any CPU
		{516054C1-0D20-4B7A-AE4D-4E1157259A23}.Debug|Mixed Platforms.Build.0 = Debug|Any CPU
		{516054C1-0D20-4B7A-AE4D-4E1157259A23}.Debug|x86.ActiveCfg = Debug|Any CPU
		{516054C1-0D20-4B7A-AE4D-4E1157259A23}.Release|Any CPU.ActiveCfg = Release|Any CPU
		{516054C1-0D20-4B7A-AE4D-4E1157259A23}.Release|Any CPU.Build.0 = Release|Any CPU
		{516054C1-0D20-4B7A-AE4D-4E1157259A23}.Release|Mixed Platforms.ActiveCfg = Release|Any CPU
		{516054C1-0D20-4B7A-AE4D-4E1157259A23}.Release|Mixed Platforms.Build.0 = Release|Any CPU
		{516054C1-0D20-4B7A-AE4D-4E1157259A23}.Release|x86.ActiveCfg = Release|Any CPU
	EndGlobalSection
	GlobalSection(SolutionProperties) = preSolution
		HideSolutionNode = FALSE
	EndGlobalSection
EndGlobal
